<?xml version="1.0" encoding="utf-8"?>
<Project ToolsVersion="4.0" xmlns="http://schemas.microsoft.com/developer/msbuild/2003">
  <ItemGroup>
    <Filter Include="源文件">
      <UniqueIdentifier>{4FC737F1-C7A5-4376-A066-2A32D752A2FF}</UniqueIdentifier>
      <Extensions>cpp;c;cc;cxx;def;odl;idl;hpj;bat;asm;asmx</Extensions>
    </Filter>
    <Filter Include="头文件">
      <UniqueIdentifier>{93995380-89BD-4b04-88EB-625FBE52EBFB}</UniqueIdentifier>
      <Extensions>h;hpp;hxx;hm;inl;inc;xsd</Extensions>
    </Filter>
  </ItemGroup>
  <ItemGroup>
    <ClCompile Include="..\..\src\BaseException.cpp">
      <Filter>源文件</Filter>
    </ClCompile>
    <ClCompile Include="..\..\src\CDateTime.cpp">
      <Filter>源文件</Filter>
    </ClCompile>
    <ClCompile Include="..\..\src\CEngine.cpp">
      <Filter>源文件</Filter>
    </ClCompile>
    <ClCompile Include="..\..\src\CentralBody.cpp">
      <Filter>源文件</Filter>
    </ClCompile>
    <ClCompile Include="..\..\src\Euler.cpp">
      <Filter>源文件</Filter>
    </ClCompile>
    <ClCompile Include="..\..\src\Facility.cpp">
      <Filter>源文件</Filter>
    </ClCompile>
    <ClCompile Include="..\..\src\Kepler.cpp">
      <Filter>源文件</Filter>
    </ClCompile>
    <ClCompile Include="..\..\src\Msise00.cpp">
      <Filter>源文件</Filter>
    </ClCompile>
    <ClCompile Include="..\..\src\nrlmsise-00.c">
      <Filter>源文件</Filter>
    </ClCompile>
    <ClCompile Include="..\..\src\nrlmsise-00_data.c">
      <Filter>源文件</Filter>
    </ClCompile>
    <ClCompile Include="..\..\src\PlanetEphemeris.cpp">
      <Filter>源文件</Filter>
    </ClCompile>
    <ClCompile Include="..\..\src\Propagator.cpp">
      <Filter>源文件</Filter>
    </ClCompile>
    <ClCompile Include="..\..\src\Quaternion.cpp">
      <Filter>源文件</Filter>
    </ClCompile>
    <ClCompile Include="..\..\src\Satellite.cpp">
      <Filter>源文件</Filter>
    </ClCompile>
    <ClCompile Include="..\..\src\StopCondition.cpp">
      <Filter>源文件</Filter>
    </ClCompile>
    <ClCompile Include="..\..\src\StringUtility.cpp">
      <Filter>源文件</Filter>
    </ClCompile>
    <ClCompile Include="..\..\src\Utility.cpp">
      <Filter>源文件</Filter>
    </ClCompile>
  </ItemGroup>
  <ItemGroup>
    <ClInclude Include="..\..\include\BaseException.h">
      <Filter>头文件</Filter>
    </ClInclude>
    <ClInclude Include="..\..\include\CDateTime.h">
      <Filter>头文件</Filter>
    </ClInclude>
    <ClInclude Include="..\..\include\CEngine.h">
      <Filter>头文件</Filter>
    </ClInclude>
    <ClInclude Include="..\..\include\CentralBody.h">
      <Filter>头文件</Filter>
    </ClInclude>
    <ClInclude Include="..\..\include\Config.h">
      <Filter>头文件</Filter>
    </ClInclude>
    <ClInclude Include="..\..\include\Constant.h">
      <Filter>头文件</Filter>
    </ClInclude>
    <ClInclude Include="..\..\include\Coordination.h">
      <Filter>头文件</Filter>
    </ClInclude>
    <ClInclude Include="..\..\include\Euler.h">
      <Filter>头文件</Filter>
    </ClInclude>
    <ClInclude Include="..\..\include\Facility.h">
      <Filter>头文件</Filter>
    </ClInclude>
    <ClInclude Include="..\..\include\Kepler.h">
      <Filter>头文件</Filter>
    </ClInclude>
    <ClInclude Include="..\..\include\Maneuver.h">
      <Filter>头文件</Filter>
    </ClInclude>
    <ClInclude Include="..\..\include\Msise00.h">
      <Filter>头文件</Filter>
    </ClInclude>
    <ClInclude Include="..\..\include\nrlmsise-00.h">
      <Filter>头文件</Filter>
    </ClInclude>
    <ClInclude Include="..\..\include\OrbitDyn.h">
      <Filter>头文件</Filter>
    </ClInclude>
    <ClInclude Include="..\..\include\Propagator.h">
      <Filter>头文件</Filter>
    </ClInclude>
    <ClInclude Include="..\..\include\Quaternion.h">
      <Filter>头文件</Filter>
    </ClInclude>
    <ClInclude Include="..\..\include\Satellite.h">
      <Filter>头文件</Filter>
    </ClInclude>
    <ClInclude Include="..\..\include\StopCondition.h">
      <Filter>头文件</Filter>
    </ClInclude>
    <ClInclude Include="..\..\include\Utility.h">
      <Filter>头文件</Filter>
    </ClInclude>
    <ClInclude Include="..\..\include\PlanetEphemeris.h">
      <Filter>头文件</Filter>
    </ClInclude>
    <ClInclude Include="..\..\include\StringUtility.h">
      <Filter>头文件</Filter>
    </ClInclude>
    <ClInclude Include="resource.h">
      <Filter>头文件</Filter>
    </ClInclude>
  </ItemGroup>
</Project>